github.com/hashicorp/errwrap v1.0.0 h1:hLrqtEDnRye3+sgx6z4qVLNuviH3MR5aQ0ykNJa/UYA=
github.com/hashicorp/errwrap v1.0.0/go.mod h1:YH+1FKiLXxHSkmPseP+kNlulaMuP3n2brvKWEqk/Jc4=
github.com/hashicorp/go-multierror v1.0.0 h1:iVjPR7a6H0tWELX5NxNe7bYopibicUzc7uPribsnS6o=
github.com/hashicorp/go-multierror v1.0.0/go.mod h1:dHtQlpGsu+cZNNAkkCN/P3hoUDHhCYQXV3UM06sGGrk=
github.com/hybridgroup/go-ardrone v0.0.0-20140402002621-b9750d8d7b78 h1:7of6LJZ4LF9AvF4bTiMr2I72KxodBf1BXrSD9Tz0lWU=
github.com/hybridgroup/go-ardrone v0.0.0-20140402002621-b9750d8d7b78/go.mod h1:YllNbhGM1UEcySxCv1BWK5lre7QLmJJ+O0ADUOo2nbc=
github.com/veandco/go-sdl2 v0.3.0 h1:IWYkHMp8V3v37NsKjszln8FFnX2+ab0538J371t+rss=
github.com/veandco/go-sdl2 v0.3.0/go.mod h1:FB+kTpX9YTE+urhYiClnRzpOXbiWgaU3+5F2AB78DPg=
gobot.io/x/gobot v1.12.0 h1:zXz48RRRs7QSEN9fbB03lmNnzgRWCJJHOB10g6r1vEw=
gobot.io/x/gobot v1.12.0/go.mod h1:yQwOPKcHJsXOfrtPaszuiCm/QkUhSNvDwf8+BTrll1A=
gocv.io/x/gocv v0.18.0 h1:uW6C5ZjvEZjW+SwHtObmIWH73xNSsUXtSR26+k7OHpA=
gocv.io/x/gocv v0.18.0/go.mod h1:3qacsKAMRS0sZmeLySWcbFeVEU3t86igWaQleAgiuBg=
golang.org/x/review v0.0.0-20181129164446-80efb4d00862 h1:b2q8pHZoaVglPf0nPxcW3XbJ5dEImq8t5zmmHb652J4=
golang.org/x/review v0.0.0-20181129164446-80efb4d00862/go.mod h1:M1CFu0V5YHN41gz/7cQPi87zdkj891YOXjLmtXgQwUA=
